
Microsoft Visual Studio Solution File, Format Version 12.00
# Visual Studio Version 17
VisualStudioVersion = 17.3.32901.215
MinimumVisualStudioVersion = 10.0.40219.1
Project("{8BC9CEB8-8B4A-11D0-8D11-00A0C91BC942}") = "practice7_생성자2", "practice7_생성자2\practice7_생성자2.vcxproj", "{F48414C8-8B9F-43B2-AF35-2EDC303CFEC1}"
EndProject
Global
	GlobalSection(SolutionConfigurationPlatforms) = preSolution
		Debug|x64 = Debug|x64
		Debug|x86 = Debug|x86
		Release|x64 = Release|x64
		Release|x86 = Release|x86
	EndGlobalSection
	GlobalSection(ProjectConfigurationPlatforms) = postSolution
		{F48414C8-8B9F-43B2-AF35-2EDC303CFEC1}.Debug|x64.ActiveCfg = Debug|x64
		{F48414C8-8B9F-43B2-AF35-2EDC303CFEC1}.Debug|x64.Build.0 = Debug|x64
		{F48414C8-8B9F-43B2-AF35-2EDC303CFEC1}.Debug|x86.ActiveCfg = Debug|Win32
		{F48414C8-8B9F-43B2-AF35-2EDC303CFEC1}.Debug|x86.Build.0 = Debug|Win32
		{F48414C8-8B9F-43B2-AF35-2EDC303CFEC1}.Release|x64.ActiveCfg = Release|x64
		{F48414C8-8B9F-43B2-AF35-2EDC303CFEC1}.Release|x64.Build.0 = Release|x64
		{F48414C8-8B9F-43B2-AF35-2EDC303CFEC1}.Release|x86.ActiveCfg = Release|Win32
		{F48414C8-8B9F-43B2-AF35-2EDC303CFEC1}.Release|x86.Build.0 = Release|Win32
	EndGlobalSection
	GlobalSection(SolutionProperties) = preSolution
		HideSolutionNode = FALSE
	EndGlobalSection
	GlobalSection(ExtensibilityGlobals) = postSolution
		SolutionGuid = {11DB6E24-C808-439E-9B1A-94945B68E456}
	EndGlobalSection
EndGlobal
